
Microsoft Visual Studio Solution File, Format Version 12.00
# Visual Studio Version 17
VisualStudioVersion = 17.4.33122.133
MinimumVisualStudioVersion = 10.0.40219.1
Project("{FAE04EC0-301F-11D3-BF4B-00C04F79EFBC}") = "P013AspNetMVCEgitim", "P013AspNetMVCEgitim\P013AspNetMVCEgitim.csproj", "{3FEE7F3C-642B-45C5-B51D-29CFF4EABF45}"
EndProject
Global
	GlobalSection(SolutionConfigurationPlatforms) = preSolution
		Debug|Any CPU = Debug|Any CPU
		Release|Any CPU = Release|Any CPU
	EndGlobalSection
	GlobalSection(ProjectConfigurationPlatforms) = postSolution
		{3FEE7F3C-642B-45C5-B51D-29CFF4EABF45}.Debug|Any CPU.ActiveCfg = Debug|Any CPU
		{3FEE7F3C-642B-45C5-B51D-29CFF4EABF45}.Debug|Any CPU.Build.0 = Debug|Any CPU
		{3FEE7F3C-642B-45C5-B51D-29CFF4EABF45}.Release|Any CPU.ActiveCfg = Release|Any CPU
		{3FEE7F3C-642B-45C5-B51D-29CFF4EABF45}.Release|Any CPU.Build.0 = Release|Any CPU
	EndGlobalSection
	GlobalSection(SolutionProperties) = preSolution
		HideSolutionNode = FALSE
	EndGlobalSection
	GlobalSection(ExtensibilityGlobals) = postSolution
		SolutionGuid = {8B45D728-D632-45AC-AEF8-C43B60D12818}
	EndGlobalSection
EndGlobal
